
Microsoft Visual Studio Solution File, Format Version 12.00
# Visual Studio Version 16
VisualStudioVersion = 16.0.31105.61
MinimumVisualStudioVersion = 10.0.40219.1
Project("{FAE04EC0-301F-11D3-BF4B-00C04F79EFBC}") = "testeDigitaInnovationOne", "testeDigitaInnovationOne\testeDigitaInnovationOne.csproj", "{6804EDDE-6D24-40BA-A6AC-25E11A4F01BC}"
EndProject
Global
	GlobalSection(SolutionConfigurationPlatforms) = preSolution
		Debug|Any CPU = Debug|Any CPU
		Release|Any CPU = Release|Any CPU
	EndGlobalSection
	GlobalSection(ProjectConfigurationPlatforms) = postSolution
		{6804EDDE-6D24-40BA-A6AC-25E11A4F01BC}.Debug|Any CPU.ActiveCfg = Debug|Any CPU
		{6804EDDE-6D24-40BA-A6AC-25E11A4F01BC}.Debug|Any CPU.Build.0 = Debug|Any CPU
		{6804EDDE-6D24-40BA-A6AC-25E11A4F01BC}.Release|Any CPU.ActiveCfg = Release|Any CPU
		{6804EDDE-6D24-40BA-A6AC-25E11A4F01BC}.Release|Any CPU.Build.0 = Release|Any CPU
	EndGlobalSection
	GlobalSection(SolutionProperties) = preSolution
		HideSolutionNode = FALSE
	EndGlobalSection
	GlobalSection(ExtensibilityGlobals) = postSolution
		SolutionGuid = {91B64991-6960-4615-9783-06A94BE7A30E}
	EndGlobalSection
EndGlobal
